
Microsoft Visual Studio Solution File, Format Version 12.00
# Visual Studio 15
VisualStudioVersion = 15.0.28010.2016
MinimumVisualStudioVersion = 10.0.40219.1
Project("{FAE04EC0-301F-11D3-BF4B-00C04F79EFBC}") = "Movie_InterfaceAPI", "Movie_InterfaceAPI\Movie_InterfaceAPI.csproj", "{26F83DA3-316D-4EA6-ABEA-1BE926F4C66F}"
EndProject
Global
	GlobalSection(SolutionConfigurationPlatforms) = preSolution
		Debug|Any CPU = Debug|Any CPU
		Release|Any CPU = Release|Any CPU
	EndGlobalSection
	GlobalSection(ProjectConfigurationPlatforms) = postSolution
		{26F83DA3-316D-4EA6-ABEA-1BE926F4C66F}.Debug|Any CPU.ActiveCfg = Debug|Any CPU
		{26F83DA3-316D-4EA6-ABEA-1BE926F4C66F}.Debug|Any CPU.Build.0 = Debug|Any CPU
		{26F83DA3-316D-4EA6-ABEA-1BE926F4C66F}.Release|Any CPU.ActiveCfg = Release|Any CPU
		{26F83DA3-316D-4EA6-ABEA-1BE926F4C66F}.Release|Any CPU.Build.0 = Release|Any CPU
	EndGlobalSection
	GlobalSection(SolutionProperties) = preSolution
		HideSolutionNode = FALSE
	EndGlobalSection
	GlobalSection(ExtensibilityGlobals) = postSolution
		SolutionGuid = {31D335EF-B6DC-4E44-B8FA-7618F2F029CF}
	EndGlobalSection
EndGlobal
